// !$*UTF8*$!
{
	archiveVersion = 1;
	classes = {
	};
	objectVersion = 46;
	objects = {

/* Begin PBXBuildFile section */
		D1412E971AF1671D007150A2 /* RecipeViewController.m in Sources */ = {isa = PBXBuildFile; fileRef = D1412E961AF1671D007150A2 /* RecipeViewController.m */; };
		D165CDDE1AF029DE00C4A7AA /* RecipeCollectionHeaderView.m in Sources */ = {isa = PBXBuildFile; fileRef = D165CDDD1AF029DE00C4A7AA /* RecipeCollectionHeaderView.m */; };
		D17EB97B1AEEC8CD00B6EAED /* main.m in Sources */ = {isa = PBXBuildFile; fileRef = D17EB97A1AEEC8CD00B6EAED /* main.m */; };
		D17EB97E1AEEC8CD00B6EAED /* AppDelegate.m in Sources */ = {isa = PBXBuildFile; fileRef = D17EB97D1AEEC8CD00B6EAED /* AppDelegate.m */; };
		D17EB9811AEEC8CD00B6EAED /* ViewController.m in Sources */ = {isa = PBXBuildFile; fileRef = D17EB9801AEEC8CD00B6EAED /* ViewController.m */; };
		D17EB9841AEEC8CD00B6EAED /* Main.storyboard in Resources */ = {isa = PBXBuildFile; fileRef = D17EB9821AEEC8CD00B6EAED /* Main.storyboard */; };
		D17EB9861AEEC8CD00B6EAED /* Images.xcassets in Resources */ = {isa = PBXBuildFile; fileRef = D17EB9851AEEC8CD00B6EAED /* Images.xcassets */; };
		D17EB9891AEEC8CD00B6EAED /* LaunchScreen.xib in Resources */ = {isa = PBXBuildFile; fileRef = D17EB9871AEEC8CD00B6EAED /* LaunchScreen.xib */; };
		D17EB9951AEEC8CE00B6EAED /* RecipePhotoTests.m in Sources */ = {isa = PBXBuildFile; fileRef = D17EB9941AEEC8CE00B6EAED /* RecipePhotoTests.m */; };
		D17EB9A01AEECAC400B6EAED /* RecipeCollectionViewCell.m in Sources */ = {isa = PBXBuildFile; fileRef = D17EB99F1AEECAC400B6EAED /* RecipeCollectionViewCell.m */; };
		D17EB9A31AEECC2400B6EAED /* RecipeCollectionViewController.m in Sources */ = {isa = PBXBuildFile; fileRef = D17EB9A21AEECC2400B6EAED /* RecipeCollectionViewController.m */; };
/* End PBXBuildFile section */

/* Begin PBXContainerItemProxy section */
		D17EB98F1AEEC8CE00B6EAED /* PBXContainerItemProxy */ = {
			isa = PBXContainerItemProxy;
			containerPortal = D17EB96D1AEEC8CD00B6EAED /* Project object */;
			proxyType = 1;
			remoteGlobalIDString = D17EB9741AEEC8CD00B6EAED;
			remoteInfo = RecipePhoto;
		};
/* End PBXContainerItemProxy section */

/* Begin PBXFileReference section */
		D1412E951AF1671D007150A2 /* RecipeViewController.h */ = {isa = PBXFileReference; fileEncoding = 4; lastKnownFileType = sourcecode.c.h; path = RecipeViewController.h; sourceTree = "<group>"; };
		D1412E961AF1671D007150A2 /* RecipeViewController.m */ = {isa = PBXFileReference; fileEncoding = 4; lastKnownFileType = sourcecode.c.objc; path = RecipeViewController.m; sourceTree = "<group>"; };
		D165CDDC1AF029DE00C4A7AA /* RecipeCollectionHeaderView.h */ = {isa = PBXFileReference; fileEncoding = 4; lastKnownFileType = sourcecode.c.h; path = RecipeCollectionHeaderView.h; sourceTree = "<group>"; };
		D165CDDD1AF029DE00C4A7AA /* RecipeCollectionHeaderView.m */ = {isa = PBXFileReference; fileEncoding = 4; lastKnownFileType = sourcecode.c.objc; path = RecipeCollectionHeaderView.m; sourceTree = "<group>"; };
		D17EB9751AEEC8CD00B6EAED /* RecipePhoto.app */ = {isa = PBXFileReference; explicitFileType = wrapper.application; includeInIndex = 0; path = RecipePhoto.app; sourceTree = BUILT_PRODUCTS_DIR; };
		D17EB9791AEEC8CD00B6EAED /* Info.plist */ = {isa = PBXFileReference; lastKnownFileType = text.plist.xml; path = Info.plist; sourceTree = "<group>"; };
		D17EB97A1AEEC8CD00B6EAED /* main.m */ = {isa = PBXFileReference; lastKnownFileType = sourcecode.c.objc; path = main.m; sourceTree = "<group>"; };
		D17EB97C1AEEC8CD00B6EAED /* AppDelegate.h */ = {isa = PBXFileReference; lastKnownFileType = sourcecode.c.h; path = AppDelegate.h; sourceTree = "<group>"; };
		D17EB97D1AEEC8CD00B6EAED /* AppDelegate.m */ = {isa = PBXFileReference; lastKnownFileType = sourcecode.c.objc; path = AppDelegate.m; sourceTree = "<group>"; };
		D17EB97F1AEEC8CD00B6EAED /* ViewController.h */ = {isa = PBXFileReference; lastKnownFileType = sourcecode.c.h; path = ViewController.h; sourceTree = "<group>"; };
		D17EB9801AEEC8CD00B6EAED /* ViewController.m */ = {isa = PBXFileReference; lastKnownFileType = sourcecode.c.objc; path = ViewController.m; sourceTree = "<group>"; };
		D17EB9831AEEC8CD00B6EAED /* Base */ = {isa = PBXFileReference; lastKnownFileType = file.storyboard; name = Base; path = Base.lproj/Main.storyboard; sourceTree = "<group>"; };
		D17EB9851AEEC8CD00B6EAED /* Images.xcassets */ = {isa = PBXFileReference; lastKnownFileType = folder.assetcatalog; path = Images.xcassets; sourceTree = "<group>"; };
		D17EB9881AEEC8CD00B6EAED /* Base */ = {isa = PBXFileReference; lastKnownFileType = file.xib; name = Base; path = Base.lproj/LaunchScreen.xib; sourceTree = "<group>"; };
		D17EB98E1AEEC8CE00B6EAED /* RecipePhotoTests.xctest */ = {isa = PBXFileReference; explicitFileType = wrapper.cfbundle; includeInIndex = 0; path = RecipePhotoTests.xctest; sourceTree = BUILT_PRODUCTS_DIR; };
		D17EB9931AEEC8CE00B6EAED /* Info.plist */ = {isa = PBXFileReference; lastKnownFileType = text.plist.xml; path = Info.plist; sourceTree = "<group>"; };
		D17EB9941AEEC8CE00B6EAED /* RecipePhotoTests.m */ = {isa = PBXFileReference; lastKnownFileType = sourcecode.c.objc; path = RecipePhotoTests.m; sourceTree = "<group>"; };
		D17EB99E1AEECAC300B6EAED /* RecipeCollectionViewCell.h */ = {isa = PBXFileReference; fileEncoding = 4; lastKnownFileType = sourcecode.c.h; path = RecipeCollectionViewCell.h; sourceTree = "<group>"; };
		D17EB99F1AEECAC400B6EAED /* RecipeCollectionViewCell.m */ = {isa = PBXFileReference; fileEncoding = 4; lastKnownFileType = sourcecode.c.objc; path = RecipeCollectionViewCell.m; sourceTree = "<group>"; };
		D17EB9A11AEECC2400B6EAED /* RecipeCollectionViewController.h */ = {isa = PBXFileReference; fileEncoding = 4; lastKnownFileType = sourcecode.c.h; path = RecipeCollectionViewController.h; sourceTree = "<group>"; };
		D17EB9A21AEECC2400B6EAED /* RecipeCollectionViewController.m */ = {isa = PBXFileReference; fileEncoding = 4; lastKnownFileType = sourcecode.c.objc; path = RecipeCollectionViewController.m; sourceTree = "<group>"; };
/* End PBXFileReference section */

/* Begin PBXFrameworksBuildPhase section */
		D17EB9721AEEC8CD00B6EAED /* Frameworks */ = {
			isa = PBXFrameworksBuildPhase;
			buildActionMask = 2147483647;
			files = (
			);
			runOnlyForDeploymentPostprocessing = 0;
		};
		D17EB98B1AEEC8CE00B6EAED /* Frameworks */ = {
			isa = PBXFrameworksBuildPhase;
			buildActionMask = 2147483647;
			files = (
			);
			runOnlyForDeploymentPostprocessing = 0;
		};
/* End PBXFrameworksBuildPhase section */

/* Begin PBXGroup section */
		D17EB96C1AEEC8CD00B6EAED = {
			isa = PBXGroup;
			children = (
				D17EB9771AEEC8CD00B6EAED /* RecipePhoto */,
				D17EB9911AEEC8CE00B6EAED /* RecipePhotoTests */,
				D17EB9761AEEC8CD00B6EAED /* Products */,
			);
			sourceTree = "<group>";
		};
		D17EB9761AEEC8CD00B6EAED /* Products */ = {
			isa = PBXGroup;
			children = (
				D17EB9751AEEC8CD00B6EAED /* RecipePhoto.app */,
				D17EB98E1AEEC8CE00B6EAED /* RecipePhotoTests.xctest */,
			);
			name = Products;
			sourceTree = "<group>";
		};
		D17EB9771AEEC8CD00B6EAED /* RecipePhoto */ = {
			isa = PBXGroup;
			children = (
				D17EB97C1AEEC8CD00B6EAED /* AppDelegate.h */,
				D17EB97D1AEEC8CD00B6EAED /* AppDelegate.m */,
				D17EB97F1AEEC8CD00B6EAED /* ViewController.h */,
				D17EB9801AEEC8CD00B6EAED /* ViewController.m */,
				D17EB9821AEEC8CD00B6EAED /* Main.storyboard */,
				D17EB9851AEEC8CD00B6EAED /* Images.xcassets */,
				D17EB9871AEEC8CD00B6EAED /* LaunchScreen.xib */,
				D17EB9781AEEC8CD00B6EAED /* Supporting Files */,
				D17EB9A11AEECC2400B6EAED /* RecipeCollectionViewController.h */,
				D17EB9A21AEECC2400B6EAED /* RecipeCollectionViewController.m */,
				D17EB99E1AEECAC300B6EAED /* RecipeCollectionViewCell.h */,
				D17EB99F1AEECAC400B6EAED /* RecipeCollectionViewCell.m */,
				D165CDDC1AF029DE00C4A7AA /* RecipeCollectionHeaderView.h */,
				D165CDDD1AF029DE00C4A7AA /* RecipeCollectionHeaderView.m */,
				D1412E951AF1671D007150A2 /* RecipeViewController.h */,
				D1412E961AF1671D007150A2 /* RecipeViewController.m */,
			);
			path = RecipePhoto;
			sourceTree = "<group>";
		};
		D17EB9781AEEC8CD00B6EAED /* Supporting Files */ = {
			isa = PBXGroup;
			children = (
				D17EB9791AEEC8CD00B6EAED /* Info.plist */,
				D17EB97A1AEEC8CD00B6EAED /* main.m */,
			);
			name = "Supporting Files";
			sourceTree = "<group>";
		};
		D17EB9911AEEC8CE00B6EAED /* RecipePhotoTests */ = {
			isa = PBXGroup;
			children = (
				D17EB9941AEEC8CE00B6EAED /* RecipePhotoTests.m */,
				D17EB9921AEEC8CE00B6EAED /* Supporting Files */,
			);
			path = RecipePhotoTests;
			sourceTree = "<group>";
		};
		D17EB9921AEEC8CE00B6EAED /* Supporting Files */ = {
			isa = PBXGroup;
			children = (
				D17EB9931AEEC8CE00B6EAED /* Info.plist */,
			);
			name = "Supporting Files";
			sourceTree = "<group>";
		};
/* End PBXGroup section */

/* Begin PBXNativeTarget section */
		D17EB9741AEEC8CD00B6EAED /* RecipePhoto */ = {
			isa = PBXNativeTarget;
			buildConfigurationList = D17EB9981AEEC8CE00B6EAED /* Build configuration list for PBXNativeTarget "RecipePhoto" */;
			buildPhases = (
				D17EB9711AEEC8CD00B6EAED /* Sources */,
				D17EB9721AEEC8CD00B6EAED /* Frameworks */,
				D17EB9731AEEC8CD00B6EAED /* Resources */,
			);
			buildRules = (
			);
			dependencies = (
			);
			name = RecipePhoto;
			productName = RecipePhoto;
			productReference = D17EB9751AEEC8CD00B6EAED /* RecipePhoto.app */;
			productType = "com.apple.product-type.application";
		};
		D17EB98D1AEEC8CE00B6EAED /* RecipePhotoTests */ = {
			isa = PBXNativeTarget;
			buildConfigurationList = D17EB99B1AEEC8CE00B6EAED /* Build configuration list for PBXNativeTarget "RecipePhotoTests" */;
			buildPhases = (
				D17EB98A1AEEC8CE00B6EAED /* Sources */,
				D17EB98B1AEEC8CE00B6EAED /* Frameworks */,
				D17EB98C1AEEC8CE00B6EAED /* Resources */,
			);
			buildRules = (
			);
			dependencies = (
				D17EB9901AEEC8CE00B6EAED /* PBXTargetDependency */,
			);
			name = RecipePhotoTests;
			productName = RecipePhotoTests;
			productReference = D17EB98E1AEEC8CE00B6EAED /* RecipePhotoTests.xctest */;
			productType = "com.apple.product-type.bundle.unit-test";
		};
/* End PBXNativeTarget section */

/* Begin PBXProject section */
		D17EB96D1AEEC8CD00B6EAED /* Project object */ = {
			isa = PBXProject;
			attributes = {
				LastUpgradeCheck = 0630;
				ORGANIZATIONNAME = ThoDang;
				TargetAttributes = {
					D17EB9741AEEC8CD00B6EAED = {
						CreatedOnToolsVersion = 6.3;
					};
					D17EB98D1AEEC8CE00B6EAED = {
						CreatedOnToolsVersion = 6.3;
						TestTargetID = D17EB9741AEEC8CD00B6EAED;
					};
				};
			};
			buildConfigurationList = D17EB9701AEEC8CD00B6EAED /* Build configuration list for PBXProject "RecipePhoto" */;
			compatibilityVersion = "Xcode 3.2";
			developmentRegion = English;
			hasScannedForEncodings = 0;
			knownRegions = (
				en,
				Base,
			);
			mainGroup = D17EB96C1AEEC8CD00B6EAED;
			productRefGroup = D17EB9761AEEC8CD00B6EAED /* Products */;
			projectDirPath = "";
			projectRoot = "";
			targets = (
				D17EB9741AEEC8CD00B6EAED /* RecipePhoto */,
				D17EB98D1AEEC8CE00B6EAED /* RecipePhotoTests */,
			);
		};
/* End PBXProject section */

/* Begin PBXResourcesBuildPhase section */
		D17EB9731AEEC8CD00B6EAED /* Resources */ = {
			isa = PBXResourcesBuildPhase;
			buildActionMask = 2147483647;
			files = (
				D17EB9841AEEC8CD00B6EAED /* Main.storyboard in Resources */,
				D17EB9891AEEC8CD00B6EAED /* LaunchScreen.xib in Resources */,
				D17EB9861AEEC8CD00B6EAED /* Images.xcassets in Resources */,
			);
			runOnlyForDeploymentPostprocessing = 0;
		};
		D17EB98C1AEEC8CE00B6EAED /* Resources */ = {
			isa = PBXResourcesBuildPhase;
			buildActionMask = 2147483647;
			files = (
			);
			runOnlyForDeploymentPostprocessing = 0;
		};
/* End PBXResourcesBuildPhase section */

/* Begin PBXSourcesBuildPhase section */
		D17EB9711AEEC8CD00B6EAED /* Sources */ = {
			isa = PBXSourcesBuildPhase;
			buildActionMask = 2147483647;
			files = (
				D17EB9A01AEECAC400B6EAED /* RecipeCollectionViewCell.m in Sources */,
				D165CDDE1AF029DE00C4A7AA /* RecipeCollectionHeaderView.m in Sources */,
				D17EB9A31AEECC2400B6EAED /* RecipeCollectionViewController.m in Sources */,
				D17EB9811AEEC8CD00B6EAED /* ViewController.m in Sources */,
				D17EB97E1AEEC8CD00B6EAED /* AppDelegate.m in Sources */,
				D1412E971AF1671D007150A2 /* RecipeViewController.m in Sources */,
				D17EB97B1AEEC8CD00B6EAED /* main.m in Sources */,
			);
			runOnlyForDeploymentPostprocessing = 0;
		};
		D17EB98A1AEEC8CE00B6EAED /* Sources */ = {
			isa = PBXSourcesBuildPhase;
			buildActionMask = 2147483647;
			files = (
				D17EB9951AEEC8CE00B6EAED /* RecipePhotoTests.m in Sources */,
			);
			runOnlyForDeploymentPostprocessing = 0;
		};
/* End PBXSourcesBuildPhase section */

/* Begin PBXTargetDependency section */
		D17EB9901AEEC8CE00B6EAED /* PBXTargetDependency */ = {
			isa = PBXTargetDependency;
			target = D17EB9741AEEC8CD00B6EAED /* RecipePhoto */;
			targetProxy = D17EB98F1AEEC8CE00B6EAED /* PBXContainerItemProxy */;
		};
/* End PBXTargetDependency section */

/* Begin PBXVariantGroup section */
		D17EB9821AEEC8CD00B6EAED /* Main.storyboard */ = {
			isa = PBXVariantGroup;
			children = (
				D17EB9831AEEC8CD00B6EAED /* Base */,
			);
			name = Main.storyboard;
			sourceTree = "<group>";
		};
		D17EB9871AEEC8CD00B6EAED /* LaunchScreen.xib */ = {
			isa = PBXVariantGroup;
			children = (
				D17EB9881AEEC8CD00B6EAED /* Base */,
			);
			name = LaunchScreen.xib;
			sourceTree = "<group>";
		};
/* End PBXVariantGroup section */

/* Begin XCBuildConfiguration section */
		D17EB9961AEEC8CE00B6EAED /* Debug */ = {
			isa = XCBuildConfiguration;
			buildSettings = {
				ALWAYS_SEARCH_USER_PATHS = NO;
				CLANG_CXX_LANGUAGE_STANDARD = "gnu++0x";
				CLANG_CXX_LIBRARY = "libc++";
				CLANG_ENABLE_MODULES = YES;
				CLANG_ENABLE_OBJC_ARC = YES;
				CLANG_WARN_BOOL_CONVERSION = YES;
				CLANG_WARN_CONSTANT_CONVERSION = YES;
				CLANG_WARN_DIRECT_OBJC_ISA_USAGE = YES_ERROR;
				CLANG_WARN_EMPTY_BODY = YES;
				CLANG_WARN_ENUM_CONVERSION = YES;
				CLANG_WARN_INT_CONVERSION = YES;
				CLANG_WARN_OBJC_ROOT_CLASS = YES_ERROR;
				CLANG_WARN_UNREACHABLE_CODE = YES;
				CLANG_WARN__DUPLICATE_METHOD_MATCH = YES;
				"CODE_SIGN_IDENTITY[sdk=iphoneos*]" = "iPhone Developer";
				COPY_PHASE_STRIP = NO;
				DEBUG_INFORMATION_FORMAT = "dwarf-with-dsym";
				ENABLE_STRICT_OBJC_MSGSEND = YES;
				GCC_C_LANGUAGE_STANDARD = gnu99;
				GCC_DYNAMIC_NO_PIC = NO;
				GCC_NO_COMMON_BLOCKS = YES;
				GCC_OPTIMIZATION_LEVEL = 0;
				GCC_PREPROCESSOR_DEFINITIONS = (
					"DEBUG=1",
					"$(inherited)",
				);
				GCC_SYMBOLS_PRIVATE_EXTERN = NO;
				GCC_WARN_64_TO_32_BIT_CONVERSION = YES;
				GCC_WARN_ABOUT_RETURN_TYPE = YES_ERROR;
				GCC_WARN_UNDECLARED_SELECTOR = YES;
				GCC_WARN_UNINITIALIZED_AUTOS = YES_AGGRESSIVE;
				GCC_WARN_UNUSED_FUNCTION = YES;
				GCC_WARN_UNUSED_VARIABLE = YES;
				IPHONEOS_DEPLOYMENT_TARGET = 8.3;
				MTL_ENABLE_DEBUG_INFO = YES;
				ONLY_ACTIVE_ARCH = YES;
				SDKROOT = iphoneos;
			};
			name = Debug;
		};
		D17EB9971AEEC8CE00B6EAED /* Release */ = {
			isa = XCBuildConfiguration;
			buildSettings = {
				ALWAYS_SEARCH_USER_PATHS = NO;
				CLANG_CXX_LANGUAGE_STANDARD = "gnu++0x";
				CLANG_CXX_LIBRARY = "libc++";
				CLANG_ENABLE_MODULES = YES;
				CLANG_ENABLE_OBJC_ARC = YES;
				CLANG_WARN_BOOL_CONVERSION = YES;
				CLANG_WARN_CONSTANT_CONVERSION = YES;
				CLANG_WARN_DIRECT_OBJC_ISA_USAGE = YES_ERROR;
				CLANG_WARN_EMPTY_BODY = YES;
				CLANG_WARN_ENUM_CONVERSION = YES;
				CLANG_WARN_INT_CONVERSION = YES;
				CLANG_WARN_OBJC_ROOT_CLASS = YES_ERROR;
				CLANG_WARN_UNREACHABLE_CODE = YES;
				CLANG_WARN__DUPLICATE_METHOD_MATCH = YES;
				"CODE_SIGN_IDENTITY[sdk=iphoneos*]" = "iPhone Developer";
				COPY_PHASE_STRIP = NO;
				DEBUG_INFORMATION_FORMAT = "dwarf-with-dsym";
				ENABLE_NS_ASSERTIONS = NO;
				ENABLE_STRICT_OBJC_MSGSEND = YES;
				GCC_C_LANGUAGE_STANDARD = gnu99;
				GCC_NO_COMMON_BLOCKS = YES;
				GCC_WARN_64_TO_32_BIT_CONVERSION = YES;
				GCC_WARN_ABOUT_RETURN_TYPE = YES_ERROR;
				GCC_WARN_UNDECLARED_SELECTOR = YES;
				GCC_WARN_UNINITIALIZED_AUTOS = YES_AGGRESSIVE;
				GCC_WARN_UNUSED_FUNCTION = YES;
				GCC_WARN_UNUSED_VARIABLE = YES;
				IPHONEOS_DEPLOYMENT_TARGET = 8.3;
				MTL_ENABLE_DEBUG_INFO = NO;
				SDKROOT = iphoneos;
				VALIDATE_PRODUCT = YES;
			};
			name = Release;
		};
		D17EB9991AEEC8CE00B6EAED /* Debug */ = {
			isa = XCBuildConfiguration;
			buildSettings = {
				ASSETCATALOG_COMPILER_APPICON_NAME = AppIcon;
				INFOPLIST_FILE = RecipePhoto/Info.plist;
				LD_RUNPATH_SEARCH_PATHS = "$(inherited) @executable_path/Frameworks";
				PRODUCT_NAME = "$(TARGET_NAME)";
			};
			name = Debug;
		};
		D17EB99A1AEEC8CE00B6EAED /* Release */ = {
			isa = XCBuildConfiguration;
			buildSettings = {
				ASSETCATALOG_COMPILER_APPICON_NAME = AppIcon;
				INFOPLIST_FILE = RecipePhoto/Info.plist;
				LD_RUNPATH_SEARCH_PATHS = "$(inherited) @executable_path/Frameworks";
				PRODUCT_NAME = "$(TARGET_NAME)";
			};
			name = Release;
		};
		D17EB99C1AEEC8CE00B6EAED /* Debug */ = {
			isa = XCBuildConfiguration;
			buildSettings = {
				BUNDLE_LOADER = "$(TEST_HOST)";
				FRAMEWORK_SEARCH_PATHS = (
					"$(SDKROOT)/Developer/Library/Frameworks",
					"$(inherited)",
				);
				GCC_PREPROCESSOR_DEFINITIONS = (
					"DEBUG=1",
					"$(inherited)",
				);
				INFOPLIST_FILE = RecipePhotoTests/Info.plist;
				LD_RUNPATH_SEARCH_PATHS = "$(inherited) @executable_path/Frameworks @loader_path/Frameworks";
				PRODUCT_NAME = "$(TARGET_NAME)";
				TEST_HOST = "$(BUILT_PRODUCTS_DIR)/RecipePhoto.app/RecipePhoto";
			};
			name = Debug;
		};
		D17EB99D1AEEC8CE00B6EAED /* Release */ = {
			isa = XCBuildConfiguration;
			buildSettings = {
				BUNDLE_LOADER = "$(TEST_HOST)";
				FRAMEWORK_SEARCH_PATHS = (
					"$(SDKROOT)/Developer/Library/Frameworks",
					"$(inherited)",
				);
				INFOPLIST_FILE = RecipePhotoTests/Info.plist;
				LD_RUNPATH_SEARCH_PATHS = "$(inherited) @executable_path/Frameworks @loader_path/Frameworks";
				PRODUCT_NAME = "$(TARGET_NAME)";
				TEST_HOST = "$(BUILT_PRODUCTS_DIR)/RecipePhoto.app/RecipePhoto";
			};
			name = Release;
		};
/* End XCBuildConfiguration section */

/* Begin XCConfigurationList section */
		D17EB9701AEEC8CD00B6EAED /* Build configuration list for PBXProject "RecipePhoto" */ = {
			isa = XCConfigurationList;
			buildConfigurations = (
				D17EB9961AEEC8CE00B6EAED /* Debug */,
				D17EB9971AEEC8CE00B6EAED /* Release */,
			);
			defaultConfigurationIsVisible = 0;
			defaultConfigurationName = Release;
		};
		D17EB9981AEEC8CE00B6EAED /* Build configuration list for PBXNativeTarget "RecipePhoto" */ = {
			isa = XCConfigurationList;
			buildConfigurations = (
				D17EB9991AEEC8CE00B6EAED /* Debug */,
				D17EB99A1AEEC8CE00B6EAED /* Release */,
			);
			defaultConfigurationIsVisible = 0;
			defaultConfigurationName = Release;
		};
		D17EB99B1AEEC8CE00B6EAED /* Build configuration list for PBXNativeTarget "RecipePhotoTests" */ = {
			isa = XCConfigurationList;
			buildConfigurations = (
				D17EB99C1AEEC8CE00B6EAED /* Debug */,
				D17EB99D1AEEC8CE00B6EAED /* Release */,
			);
			defaultConfigurationIsVisible = 0;
			defaultConfigurationName = Release;
		};
/* End XCConfigurationList section */
	};
	rootObject = D17EB96D1AEEC8CD00B6EAED /* Project object */;
}
